
Microsoft Visual Studio Solution File, Format Version 12.00
# Visual Studio 15
VisualStudioVersion = 15.0.26730.10
MinimumVisualStudioVersion = 10.0.40219.1

Project("{6EC3EE1D-3C4E-46DD-8F32-0CC8E7565705}") = "Relogify", "Relogify\Relogify.fsproj", "{C6112E23-56E4-4E15-BF0E-2F831C97C169}"
EndProject

Project("{F2A71F9B-5D33-465A-A702-920D77279786}") = "Relogify.Android", "Relogify.Android\Relogify.Android.fsproj", "{B183E703-DB7D-4CBC-8486-08DC934A93B4}"
EndProject


Project("{F2A71F9B-5D33-465A-A702-920D77279786}") = "Relogify.iOS", "Relogify.iOS\Relogify.iOS.fsproj", "{C3CA6D5B-0778-4ED8-8120-CA15A1836831}"
EndProject




Global
	GlobalSection(SolutionConfigurationPlatforms) = preSolution
		Ad-Hoc|Any CPU = Ad-Hoc|Any CPU
		Ad-Hoc|ARM = Ad-Hoc|ARM
		Ad-Hoc|iPhone = Ad-Hoc|iPhone
		Ad-Hoc|iPhoneSimulator = Ad-Hoc|iPhoneSimulator
		Ad-Hoc|x64 = Ad-Hoc|x64
		Ad-Hoc|x86 = Ad-Hoc|x86
		AppStore|Any CPU = AppStore|Any CPU
		AppStore|ARM = AppStore|ARM
		AppStore|iPhone = AppStore|iPhone
		AppStore|iPhoneSimulator = AppStore|iPhoneSimulator
		AppStore|x64 = AppStore|x64
		AppStore|x86 = AppStore|x86
		Debug|Any CPU = Debug|Any CPU
		Debug|ARM = Debug|ARM
		Debug|iPhone = Debug|iPhone
		Debug|iPhoneSimulator = Debug|iPhoneSimulator
		Debug|x64 = Debug|x64
		Debug|x86 = Debug|x86
		Release|Any CPU = Release|Any CPU
		Release|ARM = Release|ARM
		Release|iPhone = Release|iPhone
		Release|iPhoneSimulator = Release|iPhoneSimulator
		Release|x64 = Release|x64
		Release|x86 = Release|x86
	EndGlobalSection
	GlobalSection(ProjectConfigurationPlatforms) = postSolution
		{C6112E23-56E4-4E15-BF0E-2F831C97C169}.Ad-Hoc|Any CPU.ActiveCfg = Debug|Any CPU
		{C6112E23-56E4-4E15-BF0E-2F831C97C169}.Ad-Hoc|Any CPU.Build.0 = Debug|Any CPU
		{C6112E23-56E4-4E15-BF0E-2F831C97C169}.Ad-Hoc|ARM.ActiveCfg = Debug|Any CPU
		{C6112E23-56E4-4E15-BF0E-2F831C97C169}.Ad-Hoc|ARM.Build.0 = Debug|Any CPU
		{C6112E23-56E4-4E15-BF0E-2F831C97C169}.Ad-Hoc|iPhone.ActiveCfg = Debug|Any CPU
		{C6112E23-56E4-4E15-BF0E-2F831C97C169}.Ad-Hoc|iPhone.Build.0 = Debug|Any CPU
		{C6112E23-56E4-4E15-BF0E-2F831C97C169}.Ad-Hoc|iPhoneSimulator.ActiveCfg = Debug|Any CPU
		{C6112E23-56E4-4E15-BF0E-2F831C97C169}.Ad-Hoc|iPhoneSimulator.Build.0 = Debug|Any CPU
		{C6112E23-56E4-4E15-BF0E-2F831C97C169}.Ad-Hoc|x64.ActiveCfg = Debug|Any CPU
		{C6112E23-56E4-4E15-BF0E-2F831C97C169}.Ad-Hoc|x64.Build.0 = Debug|Any CPU
		{C6112E23-56E4-4E15-BF0E-2F831C97C169}.Ad-Hoc|x86.ActiveCfg = Debug|Any CPU
		{C6112E23-56E4-4E15-BF0E-2F831C97C169}.Ad-Hoc|x86.Build.0 = Debug|Any CPU
		{C6112E23-56E4-4E15-BF0E-2F831C97C169}.AppStore|Any CPU.ActiveCfg = Debug|Any CPU
		{C6112E23-56E4-4E15-BF0E-2F831C97C169}.AppStore|Any CPU.Build.0 = Debug|Any CPU
		{C6112E23-56E4-4E15-BF0E-2F831C97C169}.AppStore|ARM.ActiveCfg = Debug|Any CPU
		{C6112E23-56E4-4E15-BF0E-2F831C97C169}.AppStore|ARM.Build.0 = Debug|Any CPU
		{C6112E23-56E4-4E15-BF0E-2F831C97C169}.AppStore|iPhone.ActiveCfg = Debug|Any CPU
		{C6112E23-56E4-4E15-BF0E-2F831C97C169}.AppStore|iPhone.Build.0 = Debug|Any CPU
		{C6112E23-56E4-4E15-BF0E-2F831C97C169}.AppStore|iPhoneSimulator.ActiveCfg = Debug|Any CPU
		{C6112E23-56E4-4E15-BF0E-2F831C97C169}.AppStore|iPhoneSimulator.Build.0 = Debug|Any CPU
		{C6112E23-56E4-4E15-BF0E-2F831C97C169}.AppStore|x64.ActiveCfg = Debug|Any CPU
		{C6112E23-56E4-4E15-BF0E-2F831C97C169}.AppStore|x64.Build.0 = Debug|Any CPU
		{C6112E23-56E4-4E15-BF0E-2F831C97C169}.AppStore|x86.ActiveCfg = Debug|Any CPU
		{C6112E23-56E4-4E15-BF0E-2F831C97C169}.AppStore|x86.Build.0 = Debug|Any CPU
		{C6112E23-56E4-4E15-BF0E-2F831C97C169}.Debug|Any CPU.ActiveCfg = Debug|Any CPU
		{C6112E23-56E4-4E15-BF0E-2F831C97C169}.Debug|Any CPU.Build.0 = Debug|Any CPU
		{C6112E23-56E4-4E15-BF0E-2F831C97C169}.Debug|ARM.ActiveCfg = Debug|Any CPU
		{C6112E23-56E4-4E15-BF0E-2F831C97C169}.Debug|ARM.Build.0 = Debug|Any CPU
		{C6112E23-56E4-4E15-BF0E-2F831C97C169}.Debug|iPhone.ActiveCfg = Debug|Any CPU
		{C6112E23-56E4-4E15-BF0E-2F831C97C169}.Debug|iPhone.Build.0 = Debug|Any CPU
		{C6112E23-56E4-4E15-BF0E-2F831C97C169}.Debug|iPhoneSimulator.ActiveCfg = Debug|Any CPU
		{C6112E23-56E4-4E15-BF0E-2F831C97C169}.Debug|iPhoneSimulator.Build.0 = Debug|Any CPU
		{C6112E23-56E4-4E15-BF0E-2F831C97C169}.Debug|x64.ActiveCfg = Debug|Any CPU
		{C6112E23-56E4-4E15-BF0E-2F831C97C169}.Debug|x64.Build.0 = Debug|Any CPU
		{C6112E23-56E4-4E15-BF0E-2F831C97C169}.Debug|x86.ActiveCfg = Debug|Any CPU
		{C6112E23-56E4-4E15-BF0E-2F831C97C169}.Debug|x86.Build.0 = Debug|Any CPU
		{C6112E23-56E4-4E15-BF0E-2F831C97C169}.Release|Any CPU.ActiveCfg = Release|Any CPU
		{C6112E23-56E4-4E15-BF0E-2F831C97C169}.Release|Any CPU.Build.0 = Release|Any CPU
		{C6112E23-56E4-4E15-BF0E-2F831C97C169}.Release|ARM.ActiveCfg = Release|Any CPU
		{C6112E23-56E4-4E15-BF0E-2F831C97C169}.Release|ARM.Build.0 = Release|Any CPU
		{C6112E23-56E4-4E15-BF0E-2F831C97C169}.Release|iPhone.ActiveCfg = Release|Any CPU
		{C6112E23-56E4-4E15-BF0E-2F831C97C169}.Release|iPhone.Build.0 = Release|Any CPU
		{C6112E23-56E4-4E15-BF0E-2F831C97C169}.Release|iPhoneSimulator.ActiveCfg = Release|Any CPU
		{C6112E23-56E4-4E15-BF0E-2F831C97C169}.Release|iPhoneSimulator.Build.0 = Release|Any CPU
		{C6112E23-56E4-4E15-BF0E-2F831C97C169}.Release|x64.ActiveCfg = Release|Any CPU
		{C6112E23-56E4-4E15-BF0E-2F831C97C169}.Release|x64.Build.0 = Release|Any CPU
		{C6112E23-56E4-4E15-BF0E-2F831C97C169}.Release|x86.ActiveCfg = Release|Any CPU
		{C6112E23-56E4-4E15-BF0E-2F831C97C169}.Release|x86.Build.0 = Release|Any CPU
		{C3CA6D5B-0778-4ED8-8120-CA15A1836831}.Ad-Hoc|Any CPU.ActiveCfg = Ad-Hoc|iPhone
		{C3CA6D5B-0778-4ED8-8120-CA15A1836831}.Ad-Hoc|ARM.ActiveCfg = Ad-Hoc|iPhone
		{C3CA6D5B-0778-4ED8-8120-CA15A1836831}.Ad-Hoc|iPhone.ActiveCfg = Ad-Hoc|iPhone
		{C3CA6D5B-0778-4ED8-8120-CA15A1836831}.Ad-Hoc|iPhone.Build.0 = Ad-Hoc|iPhone
		{C3CA6D5B-0778-4ED8-8120-CA15A1836831}.Ad-Hoc|iPhoneSimulator.ActiveCfg = Ad-Hoc|iPhoneSimulator
		{C3CA6D5B-0778-4ED8-8120-CA15A1836831}.Ad-Hoc|iPhoneSimulator.Build.0 = Ad-Hoc|iPhoneSimulator
		{C3CA6D5B-0778-4ED8-8120-CA15A1836831}.Ad-Hoc|x64.ActiveCfg = Ad-Hoc|iPhone
		{C3CA6D5B-0778-4ED8-8120-CA15A1836831}.Ad-Hoc|x86.ActiveCfg = Ad-Hoc|iPhone
		{C3CA6D5B-0778-4ED8-8120-CA15A1836831}.AppStore|Any CPU.ActiveCfg = AppStore|iPhone
		{C3CA6D5B-0778-4ED8-8120-CA15A1836831}.AppStore|ARM.ActiveCfg = AppStore|iPhone
		{C3CA6D5B-0778-4ED8-8120-CA15A1836831}.AppStore|iPhone.ActiveCfg = AppStore|iPhone
		{C3CA6D5B-0778-4ED8-8120-CA15A1836831}.AppStore|iPhone.Build.0 = AppStore|iPhone
		{C3CA6D5B-0778-4ED8-8120-CA15A1836831}.AppStore|iPhoneSimulator.ActiveCfg = AppStore|iPhoneSimulator
		{C3CA6D5B-0778-4ED8-8120-CA15A1836831}.AppStore|iPhoneSimulator.Build.0 = AppStore|iPhoneSimulator
		{C3CA6D5B-0778-4ED8-8120-CA15A1836831}.AppStore|x64.ActiveCfg = AppStore|iPhone
		{C3CA6D5B-0778-4ED8-8120-CA15A1836831}.AppStore|x86.ActiveCfg = AppStore|iPhone
		{C3CA6D5B-0778-4ED8-8120-CA15A1836831}.Debug|Any CPU.ActiveCfg = Debug|iPhone
		{C3CA6D5B-0778-4ED8-8120-CA15A1836831}.Debug|ARM.ActiveCfg = Debug|iPhone
		{C3CA6D5B-0778-4ED8-8120-CA15A1836831}.Debug|iPhone.ActiveCfg = Debug|iPhone
		{C3CA6D5B-0778-4ED8-8120-CA15A1836831}.Debug|iPhone.Build.0 = Debug|iPhone
		{C3CA6D5B-0778-4ED8-8120-CA15A1836831}.Debug|iPhoneSimulator.ActiveCfg = Debug|iPhoneSimulator
		{C3CA6D5B-0778-4ED8-8120-CA15A1836831}.Debug|iPhoneSimulator.Build.0 = Debug|iPhoneSimulator
		{C3CA6D5B-0778-4ED8-8120-CA15A1836831}.Debug|x64.ActiveCfg = Debug|iPhone
		{C3CA6D5B-0778-4ED8-8120-CA15A1836831}.Debug|x86.ActiveCfg = Debug|iPhone
		{C3CA6D5B-0778-4ED8-8120-CA15A1836831}.Release|Any CPU.ActiveCfg = Release|iPhone
		{C3CA6D5B-0778-4ED8-8120-CA15A1836831}.Release|ARM.ActiveCfg = Release|iPhone
		{C3CA6D5B-0778-4ED8-8120-CA15A1836831}.Release|iPhone.ActiveCfg = Release|iPhone
		{C3CA6D5B-0778-4ED8-8120-CA15A1836831}.Release|iPhone.Build.0 = Release|iPhone
		{C3CA6D5B-0778-4ED8-8120-CA15A1836831}.Release|iPhoneSimulator.ActiveCfg = Release|iPhoneSimulator
		{C3CA6D5B-0778-4ED8-8120-CA15A1836831}.Release|iPhoneSimulator.Build.0 = Release|iPhoneSimulator
		{C3CA6D5B-0778-4ED8-8120-CA15A1836831}.Release|x64.ActiveCfg = Release|iPhone
		{C3CA6D5B-0778-4ED8-8120-CA15A1836831}.Release|x86.ActiveCfg = Release|iPhone
		{2A4A172D-C6B0-4CF5-8555-3EA23C11FFEF}.Ad-Hoc|Any CPU.ActiveCfg = Release|x86
		{2A4A172D-C6B0-4CF5-8555-3EA23C11FFEF}.Ad-Hoc|Any CPU.Build.0 = Release|x86
		{2A4A172D-C6B0-4CF5-8555-3EA23C11FFEF}.Ad-Hoc|Any CPU.Deploy.0 = Release|x86
		{2A4A172D-C6B0-4CF5-8555-3EA23C11FFEF}.Ad-Hoc|ARM.ActiveCfg = Release|ARM
		{2A4A172D-C6B0-4CF5-8555-3EA23C11FFEF}.Ad-Hoc|ARM.Build.0 = Release|ARM
		{2A4A172D-C6B0-4CF5-8555-3EA23C11FFEF}.Ad-Hoc|ARM.Deploy.0 = Release|ARM
		{2A4A172D-C6B0-4CF5-8555-3EA23C11FFEF}.Ad-Hoc|iPhone.ActiveCfg = Release|x86
		{2A4A172D-C6B0-4CF5-8555-3EA23C11FFEF}.Ad-Hoc|iPhone.Build.0 = Release|x86
		{2A4A172D-C6B0-4CF5-8555-3EA23C11FFEF}.Ad-Hoc|iPhone.Deploy.0 = Release|x86
		{2A4A172D-C6B0-4CF5-8555-3EA23C11FFEF}.Ad-Hoc|iPhoneSimulator.ActiveCfg = Release|x86
		{2A4A172D-C6B0-4CF5-8555-3EA23C11FFEF}.Ad-Hoc|iPhoneSimulator.Build.0 = Release|x86
		{2A4A172D-C6B0-4CF5-8555-3EA23C11FFEF}.Ad-Hoc|iPhoneSimulator.Deploy.0 = Release|x86
		{2A4A172D-C6B0-4CF5-8555-3EA23C11FFEF}.Ad-Hoc|x64.ActiveCfg = Release|x64
		{2A4A172D-C6B0-4CF5-8555-3EA23C11FFEF}.Ad-Hoc|x64.Build.0 = Release|x64
		{2A4A172D-C6B0-4CF5-8555-3EA23C11FFEF}.Ad-Hoc|x64.Deploy.0 = Release|x64
		{2A4A172D-C6B0-4CF5-8555-3EA23C11FFEF}.Ad-Hoc|x86.ActiveCfg = Release|x86
		{2A4A172D-C6B0-4CF5-8555-3EA23C11FFEF}.Ad-Hoc|x86.Build.0 = Release|x86
		{2A4A172D-C6B0-4CF5-8555-3EA23C11FFEF}.Ad-Hoc|x86.Deploy.0 = Release|x86
		{2A4A172D-C6B0-4CF5-8555-3EA23C11FFEF}.AppStore|Any CPU.ActiveCfg = Release|x86
		{2A4A172D-C6B0-4CF5-8555-3EA23C11FFEF}.AppStore|Any CPU.Build.0 = Release|x86
		{2A4A172D-C6B0-4CF5-8555-3EA23C11FFEF}.AppStore|Any CPU.Deploy.0 = Release|x86
		{2A4A172D-C6B0-4CF5-8555-3EA23C11FFEF}.AppStore|ARM.ActiveCfg = Release|ARM
		{2A4A172D-C6B0-4CF5-8555-3EA23C11FFEF}.AppStore|ARM.Build.0 = Release|ARM
		{2A4A172D-C6B0-4CF5-8555-3EA23C11FFEF}.AppStore|ARM.Deploy.0 = Release|ARM
		{2A4A172D-C6B0-4CF5-8555-3EA23C11FFEF}.AppStore|iPhone.ActiveCfg = Release|x86
		{2A4A172D-C6B0-4CF5-8555-3EA23C11FFEF}.AppStore|iPhone.Build.0 = Release|x86
		{2A4A172D-C6B0-4CF5-8555-3EA23C11FFEF}.AppStore|iPhone.Deploy.0 = Release|x86
		{2A4A172D-C6B0-4CF5-8555-3EA23C11FFEF}.AppStore|iPhoneSimulator.ActiveCfg = Release|x86
		{2A4A172D-C6B0-4CF5-8555-3EA23C11FFEF}.AppStore|iPhoneSimulator.Build.0 = Release|x86
		{2A4A172D-C6B0-4CF5-8555-3EA23C11FFEF}.AppStore|iPhoneSimulator.Deploy.0 = Release|x86
		{2A4A172D-C6B0-4CF5-8555-3EA23C11FFEF}.AppStore|x64.ActiveCfg = Release|x64
		{2A4A172D-C6B0-4CF5-8555-3EA23C11FFEF}.AppStore|x64.Build.0 = Release|x64
		{2A4A172D-C6B0-4CF5-8555-3EA23C11FFEF}.AppStore|x64.Deploy.0 = Release|x64
		{2A4A172D-C6B0-4CF5-8555-3EA23C11FFEF}.AppStore|x86.ActiveCfg = Release|x86
		{2A4A172D-C6B0-4CF5-8555-3EA23C11FFEF}.AppStore|x86.Build.0 = Release|x86
		{2A4A172D-C6B0-4CF5-8555-3EA23C11FFEF}.AppStore|x86.Deploy.0 = Release|x86
		{2A4A172D-C6B0-4CF5-8555-3EA23C11FFEF}.Debug|Any CPU.ActiveCfg = Debug|x86
		{2A4A172D-C6B0-4CF5-8555-3EA23C11FFEF}.Debug|ARM.ActiveCfg = Debug|ARM
		{2A4A172D-C6B0-4CF5-8555-3EA23C11FFEF}.Debug|ARM.Build.0 = Debug|ARM
		{2A4A172D-C6B0-4CF5-8555-3EA23C11FFEF}.Debug|ARM.Deploy.0 = Debug|ARM
		{2A4A172D-C6B0-4CF5-8555-3EA23C11FFEF}.Debug|iPhone.ActiveCfg = Debug|x86
		{2A4A172D-C6B0-4CF5-8555-3EA23C11FFEF}.Debug|iPhoneSimulator.ActiveCfg = Debug|x86
		{2A4A172D-C6B0-4CF5-8555-3EA23C11FFEF}.Debug|x64.ActiveCfg = Debug|x64
		{2A4A172D-C6B0-4CF5-8555-3EA23C11FFEF}.Debug|x64.Build.0 = Debug|x64
		{2A4A172D-C6B0-4CF5-8555-3EA23C11FFEF}.Debug|x64.Deploy.0 = Debug|x64
		{2A4A172D-C6B0-4CF5-8555-3EA23C11FFEF}.Debug|x86.ActiveCfg = Debug|x86
		{2A4A172D-C6B0-4CF5-8555-3EA23C11FFEF}.Debug|x86.Build.0 = Debug|x86
		{2A4A172D-C6B0-4CF5-8555-3EA23C11FFEF}.Debug|x86.Deploy.0 = Debug|x86
		{2A4A172D-C6B0-4CF5-8555-3EA23C11FFEF}.Release|Any CPU.ActiveCfg = Release|x86
		{2A4A172D-C6B0-4CF5-8555-3EA23C11FFEF}.Release|ARM.ActiveCfg = Release|ARM
		{2A4A172D-C6B0-4CF5-8555-3EA23C11FFEF}.Release|ARM.Build.0 = Release|ARM
		{2A4A172D-C6B0-4CF5-8555-3EA23C11FFEF}.Release|ARM.Deploy.0 = Release|ARM
		{2A4A172D-C6B0-4CF5-8555-3EA23C11FFEF}.Release|iPhone.ActiveCfg = Release|x86
		{2A4A172D-C6B0-4CF5-8555-3EA23C11FFEF}.Release|iPhoneSimulator.ActiveCfg = Release|x86
		{2A4A172D-C6B0-4CF5-8555-3EA23C11FFEF}.Release|x64.ActiveCfg = Release|x64
		{2A4A172D-C6B0-4CF5-8555-3EA23C11FFEF}.Release|x64.Build.0 = Release|x64
		{2A4A172D-C6B0-4CF5-8555-3EA23C11FFEF}.Release|x64.Deploy.0 = Release|x64
		{2A4A172D-C6B0-4CF5-8555-3EA23C11FFEF}.Release|x86.ActiveCfg = Release|x86
		{2A4A172D-C6B0-4CF5-8555-3EA23C11FFEF}.Release|x86.Build.0 = Release|x86
		{2A4A172D-C6B0-4CF5-8555-3EA23C11FFEF}.Release|x86.Deploy.0 = Release|x86
		{1D7B3418-9770-4589-B122-0A5957CEF33A}.Ad-Hoc|Any CPU.ActiveCfg = Release|Any CPU
		{1D7B3418-9770-4589-B122-0A5957CEF33A}.Ad-Hoc|Any CPU.Build.0 = Release|Any CPU
		{1D7B3418-9770-4589-B122-0A5957CEF33A}.Ad-Hoc|ARM.ActiveCfg = Release|Any CPU
		{1D7B3418-9770-4589-B122-0A5957CEF33A}.Ad-Hoc|ARM.Build.0 = Release|Any CPU
		{1D7B3418-9770-4589-B122-0A5957CEF33A}.Ad-Hoc|iPhone.ActiveCfg = Release|Any CPU
		{1D7B3418-9770-4589-B122-0A5957CEF33A}.Ad-Hoc|iPhone.Build.0 = Release|Any CPU
		{1D7B3418-9770-4589-B122-0A5957CEF33A}.Ad-Hoc|iPhoneSimulator.ActiveCfg = Release|Any CPU
		{1D7B3418-9770-4589-B122-0A5957CEF33A}.Ad-Hoc|iPhoneSimulator.Build.0 = Release|Any CPU
		{1D7B3418-9770-4589-B122-0A5957CEF33A}.Ad-Hoc|x64.ActiveCfg = Release|Any CPU
		{1D7B3418-9770-4589-B122-0A5957CEF33A}.Ad-Hoc|x64.Build.0 = Release|Any CPU
		{1D7B3418-9770-4589-B122-0A5957CEF33A}.Ad-Hoc|x86.ActiveCfg = Release|Any CPU
		{1D7B3418-9770-4589-B122-0A5957CEF33A}.Ad-Hoc|x86.Build.0 = Release|Any CPU
		{1D7B3418-9770-4589-B122-0A5957CEF33A}.AppStore|Any CPU.ActiveCfg = Release|Any CPU
		{1D7B3418-9770-4589-B122-0A5957CEF33A}.AppStore|Any CPU.Build.0 = Release|Any CPU
		{1D7B3418-9770-4589-B122-0A5957CEF33A}.AppStore|ARM.ActiveCfg = Release|Any CPU
		{1D7B3418-9770-4589-B122-0A5957CEF33A}.AppStore|ARM.Build.0 = Release|Any CPU
		{1D7B3418-9770-4589-B122-0A5957CEF33A}.AppStore|iPhone.ActiveCfg = Release|Any CPU
		{1D7B3418-9770-4589-B122-0A5957CEF33A}.AppStore|iPhone.Build.0 = Release|Any CPU
		{1D7B3418-9770-4589-B122-0A5957CEF33A}.AppStore|iPhoneSimulator.ActiveCfg = Release|Any CPU
		{1D7B3418-9770-4589-B122-0A5957CEF33A}.AppStore|iPhoneSimulator.Build.0 = Release|Any CPU
		{1D7B3418-9770-4589-B122-0A5957CEF33A}.AppStore|x64.ActiveCfg = Release|Any CPU
		{1D7B3418-9770-4589-B122-0A5957CEF33A}.AppStore|x64.Build.0 = Release|Any CPU
		{1D7B3418-9770-4589-B122-0A5957CEF33A}.AppStore|x86.ActiveCfg = Release|Any CPU
		{1D7B3418-9770-4589-B122-0A5957CEF33A}.AppStore|x86.Build.0 = Release|Any CPU
		{1D7B3418-9770-4589-B122-0A5957CEF33A}.Debug|Any CPU.ActiveCfg = Debug|Any CPU
		{1D7B3418-9770-4589-B122-0A5957CEF33A}.Debug|Any CPU.Build.0 = Debug|Any CPU
		{1D7B3418-9770-4589-B122-0A5957CEF33A}.Debug|ARM.ActiveCfg = Debug|Any CPU
		{1D7B3418-9770-4589-B122-0A5957CEF33A}.Debug|ARM.Build.0 = Debug|Any CPU
		{1D7B3418-9770-4589-B122-0A5957CEF33A}.Debug|iPhone.ActiveCfg = Debug|Any CPU
		{1D7B3418-9770-4589-B122-0A5957CEF33A}.Debug|iPhone.Build.0 = Debug|Any CPU
		{1D7B3418-9770-4589-B122-0A5957CEF33A}.Debug|iPhoneSimulator.ActiveCfg = Debug|Any CPU
		{1D7B3418-9770-4589-B122-0A5957CEF33A}.Debug|iPhoneSimulator.Build.0 = Debug|Any CPU
		{1D7B3418-9770-4589-B122-0A5957CEF33A}.Debug|x64.ActiveCfg = Debug|Any CPU
		{1D7B3418-9770-4589-B122-0A5957CEF33A}.Debug|x64.Build.0 = Debug|Any CPU
		{1D7B3418-9770-4589-B122-0A5957CEF33A}.Debug|x86.ActiveCfg = Debug|Any CPU
		{1D7B3418-9770-4589-B122-0A5957CEF33A}.Debug|x86.Build.0 = Debug|Any CPU
		{1D7B3418-9770-4589-B122-0A5957CEF33A}.Release|Any CPU.ActiveCfg = Release|Any CPU
		{1D7B3418-9770-4589-B122-0A5957CEF33A}.Release|Any CPU.Build.0 = Release|Any CPU
		{1D7B3418-9770-4589-B122-0A5957CEF33A}.Release|ARM.ActiveCfg = Release|Any CPU
		{1D7B3418-9770-4589-B122-0A5957CEF33A}.Release|ARM.Build.0 = Release|Any CPU
		{1D7B3418-9770-4589-B122-0A5957CEF33A}.Release|iPhone.ActiveCfg = Release|Any CPU
		{1D7B3418-9770-4589-B122-0A5957CEF33A}.Release|iPhone.Build.0 = Release|Any CPU
		{1D7B3418-9770-4589-B122-0A5957CEF33A}.Release|iPhoneSimulator.ActiveCfg = Release|Any CPU
		{1D7B3418-9770-4589-B122-0A5957CEF33A}.Release|iPhoneSimulator.Build.0 = Release|Any CPU
		{1D7B3418-9770-4589-B122-0A5957CEF33A}.Release|x64.ActiveCfg = Release|Any CPU
		{1D7B3418-9770-4589-B122-0A5957CEF33A}.Release|x64.Build.0 = Release|Any CPU
		{1D7B3418-9770-4589-B122-0A5957CEF33A}.Release|x86.ActiveCfg = Release|Any CPU
		{1D7B3418-9770-4589-B122-0A5957CEF33A}.Release|x86.Build.0 = Release|Any CPU
		{2E8D1C82-7B0D-4965-BBBE-77F099DEC7D4}.Ad-Hoc|Any CPU.ActiveCfg = Release|Any CPU
		{2E8D1C82-7B0D-4965-BBBE-77F099DEC7D4}.Ad-Hoc|Any CPU.Build.0 = Release|Any CPU
		{2E8D1C82-7B0D-4965-BBBE-77F099DEC7D4}.Ad-Hoc|ARM.ActiveCfg = Release|Any CPU
		{2E8D1C82-7B0D-4965-BBBE-77F099DEC7D4}.Ad-Hoc|ARM.Build.0 = Release|Any CPU
		{2E8D1C82-7B0D-4965-BBBE-77F099DEC7D4}.Ad-Hoc|iPhone.ActiveCfg = Release|Any CPU
		{2E8D1C82-7B0D-4965-BBBE-77F099DEC7D4}.Ad-Hoc|iPhone.Build.0 = Release|Any CPU
		{2E8D1C82-7B0D-4965-BBBE-77F099DEC7D4}.Ad-Hoc|iPhoneSimulator.ActiveCfg = Release|Any CPU
		{2E8D1C82-7B0D-4965-BBBE-77F099DEC7D4}.Ad-Hoc|iPhoneSimulator.Build.0 = Release|Any CPU
		{2E8D1C82-7B0D-4965-BBBE-77F099DEC7D4}.Ad-Hoc|x64.ActiveCfg = Release|Any CPU
		{2E8D1C82-7B0D-4965-BBBE-77F099DEC7D4}.Ad-Hoc|x64.Build.0 = Release|Any CPU
		{2E8D1C82-7B0D-4965-BBBE-77F099DEC7D4}.Ad-Hoc|x86.ActiveCfg = Release|Any CPU
		{2E8D1C82-7B0D-4965-BBBE-77F099DEC7D4}.Ad-Hoc|x86.Build.0 = Release|Any CPU
		{2E8D1C82-7B0D-4965-BBBE-77F099DEC7D4}.AppStore|Any CPU.ActiveCfg = Release|Any CPU
		{2E8D1C82-7B0D-4965-BBBE-77F099DEC7D4}.AppStore|Any CPU.Build.0 = Release|Any CPU
		{2E8D1C82-7B0D-4965-BBBE-77F099DEC7D4}.AppStore|ARM.ActiveCfg = Release|Any CPU
		{2E8D1C82-7B0D-4965-BBBE-77F099DEC7D4}.AppStore|ARM.Build.0 = Release|Any CPU
		{2E8D1C82-7B0D-4965-BBBE-77F099DEC7D4}.AppStore|iPhone.ActiveCfg = Release|Any CPU
		{2E8D1C82-7B0D-4965-BBBE-77F099DEC7D4}.AppStore|iPhone.Build.0 = Release|Any CPU
		{2E8D1C82-7B0D-4965-BBBE-77F099DEC7D4}.AppStore|iPhoneSimulator.ActiveCfg = Release|Any CPU
		{2E8D1C82-7B0D-4965-BBBE-77F099DEC7D4}.AppStore|iPhoneSimulator.Build.0 = Release|Any CPU
		{2E8D1C82-7B0D-4965-BBBE-77F099DEC7D4}.AppStore|x64.ActiveCfg = Release|Any CPU
		{2E8D1C82-7B0D-4965-BBBE-77F099DEC7D4}.AppStore|x64.Build.0 = Release|Any CPU
		{2E8D1C82-7B0D-4965-BBBE-77F099DEC7D4}.AppStore|x86.ActiveCfg = Release|Any CPU
		{2E8D1C82-7B0D-4965-BBBE-77F099DEC7D4}.AppStore|x86.Build.0 = Release|Any CPU
		{2E8D1C82-7B0D-4965-BBBE-77F099DEC7D4}.Debug|Any CPU.ActiveCfg = Debug|Any CPU
		{2E8D1C82-7B0D-4965-BBBE-77F099DEC7D4}.Debug|Any CPU.Build.0 = Debug|Any CPU
		{2E8D1C82-7B0D-4965-BBBE-77F099DEC7D4}.Debug|ARM.ActiveCfg = Debug|Any CPU
		{2E8D1C82-7B0D-4965-BBBE-77F099DEC7D4}.Debug|ARM.Build.0 = Debug|Any CPU
		{2E8D1C82-7B0D-4965-BBBE-77F099DEC7D4}.Debug|iPhone.ActiveCfg = Debug|Any CPU
		{2E8D1C82-7B0D-4965-BBBE-77F099DEC7D4}.Debug|iPhone.Build.0 = Debug|Any CPU
		{2E8D1C82-7B0D-4965-BBBE-77F099DEC7D4}.Debug|iPhoneSimulator.ActiveCfg = Debug|Any CPU
		{2E8D1C82-7B0D-4965-BBBE-77F099DEC7D4}.Debug|iPhoneSimulator.Build.0 = Debug|Any CPU
		{2E8D1C82-7B0D-4965-BBBE-77F099DEC7D4}.Debug|x64.ActiveCfg = Debug|Any CPU
		{2E8D1C82-7B0D-4965-BBBE-77F099DEC7D4}.Debug|x64.Build.0 = Debug|Any CPU
		{2E8D1C82-7B0D-4965-BBBE-77F099DEC7D4}.Debug|x86.ActiveCfg = Debug|Any CPU
		{2E8D1C82-7B0D-4965-BBBE-77F099DEC7D4}.Debug|x86.Build.0 = Debug|Any CPU
		{2E8D1C82-7B0D-4965-BBBE-77F099DEC7D4}.Release|Any CPU.ActiveCfg = Release|Any CPU
		{2E8D1C82-7B0D-4965-BBBE-77F099DEC7D4}.Release|Any CPU.Build.0 = Release|Any CPU
		{2E8D1C82-7B0D-4965-BBBE-77F099DEC7D4}.Release|ARM.ActiveCfg = Release|Any CPU
		{2E8D1C82-7B0D-4965-BBBE-77F099DEC7D4}.Release|ARM.Build.0 = Release|Any CPU
		{2E8D1C82-7B0D-4965-BBBE-77F099DEC7D4}.Release|iPhone.ActiveCfg = Release|Any CPU
		{2E8D1C82-7B0D-4965-BBBE-77F099DEC7D4}.Release|iPhone.Build.0 = Release|Any CPU
		{2E8D1C82-7B0D-4965-BBBE-77F099DEC7D4}.Release|iPhoneSimulator.ActiveCfg = Release|Any CPU
		{2E8D1C82-7B0D-4965-BBBE-77F099DEC7D4}.Release|iPhoneSimulator.Build.0 = Release|Any CPU
		{2E8D1C82-7B0D-4965-BBBE-77F099DEC7D4}.Release|x64.ActiveCfg = Release|Any CPU
		{2E8D1C82-7B0D-4965-BBBE-77F099DEC7D4}.Release|x64.Build.0 = Release|Any CPU
		{2E8D1C82-7B0D-4965-BBBE-77F099DEC7D4}.Release|x86.ActiveCfg = Release|Any CPU
		{2E8D1C82-7B0D-4965-BBBE-77F099DEC7D4}.Release|x86.Build.0 = Release|Any CPU
		{B183E703-DB7D-4CBC-8486-08DC934A93B4}.Ad-Hoc|Any CPU.ActiveCfg = Release|Any CPU
		{B183E703-DB7D-4CBC-8486-08DC934A93B4}.Ad-Hoc|Any CPU.Build.0 = Release|Any CPU
		{B183E703-DB7D-4CBC-8486-08DC934A93B4}.Ad-Hoc|ARM.ActiveCfg = Release|Any CPU
		{B183E703-DB7D-4CBC-8486-08DC934A93B4}.Ad-Hoc|ARM.Build.0 = Release|Any CPU
		{B183E703-DB7D-4CBC-8486-08DC934A93B4}.Ad-Hoc|iPhone.ActiveCfg = Release|Any CPU
		{B183E703-DB7D-4CBC-8486-08DC934A93B4}.Ad-Hoc|iPhone.Build.0 = Release|Any CPU
		{B183E703-DB7D-4CBC-8486-08DC934A93B4}.Ad-Hoc|iPhoneSimulator.ActiveCfg = Release|Any CPU
		{B183E703-DB7D-4CBC-8486-08DC934A93B4}.Ad-Hoc|iPhoneSimulator.Build.0 = Release|Any CPU
		{B183E703-DB7D-4CBC-8486-08DC934A93B4}.Ad-Hoc|x64.ActiveCfg = Release|Any CPU
		{B183E703-DB7D-4CBC-8486-08DC934A93B4}.Ad-Hoc|x64.Build.0 = Release|Any CPU
		{B183E703-DB7D-4CBC-8486-08DC934A93B4}.Ad-Hoc|x86.ActiveCfg = Release|Any CPU
		{B183E703-DB7D-4CBC-8486-08DC934A93B4}.Ad-Hoc|x86.Build.0 = Release|Any CPU
		{B183E703-DB7D-4CBC-8486-08DC934A93B4}.AppStore|Any CPU.ActiveCfg = Release|Any CPU
		{B183E703-DB7D-4CBC-8486-08DC934A93B4}.AppStore|Any CPU.Build.0 = Release|Any CPU
		{B183E703-DB7D-4CBC-8486-08DC934A93B4}.AppStore|ARM.ActiveCfg = Release|Any CPU
		{B183E703-DB7D-4CBC-8486-08DC934A93B4}.AppStore|ARM.Build.0 = Release|Any CPU
		{B183E703-DB7D-4CBC-8486-08DC934A93B4}.AppStore|iPhone.ActiveCfg = Release|Any CPU
		{B183E703-DB7D-4CBC-8486-08DC934A93B4}.AppStore|iPhone.Build.0 = Release|Any CPU
		{B183E703-DB7D-4CBC-8486-08DC934A93B4}.AppStore|iPhoneSimulator.ActiveCfg = Release|Any CPU
		{B183E703-DB7D-4CBC-8486-08DC934A93B4}.AppStore|iPhoneSimulator.Build.0 = Release|Any CPU
		{B183E703-DB7D-4CBC-8486-08DC934A93B4}.AppStore|x64.ActiveCfg = Release|Any CPU
		{B183E703-DB7D-4CBC-8486-08DC934A93B4}.AppStore|x64.Build.0 = Release|Any CPU
		{B183E703-DB7D-4CBC-8486-08DC934A93B4}.AppStore|x86.ActiveCfg = Release|Any CPU
		{B183E703-DB7D-4CBC-8486-08DC934A93B4}.AppStore|x86.Build.0 = Release|Any CPU
		{B183E703-DB7D-4CBC-8486-08DC934A93B4}.Debug|Any CPU.ActiveCfg = Debug|Any CPU
		{B183E703-DB7D-4CBC-8486-08DC934A93B4}.Debug|Any CPU.Build.0 = Debug|Any CPU
		{B183E703-DB7D-4CBC-8486-08DC934A93B4}.Debug|Any CPU.Deploy.0 = Debug|Any CPU
		{B183E703-DB7D-4CBC-8486-08DC934A93B4}.Debug|ARM.ActiveCfg = Debug|Any CPU
		{B183E703-DB7D-4CBC-8486-08DC934A93B4}.Debug|ARM.Build.0 = Debug|Any CPU
		{B183E703-DB7D-4CBC-8486-08DC934A93B4}.Debug|iPhone.ActiveCfg = Debug|Any CPU
		{B183E703-DB7D-4CBC-8486-08DC934A93B4}.Debug|iPhone.Build.0 = Debug|Any CPU
		{B183E703-DB7D-4CBC-8486-08DC934A93B4}.Debug|iPhoneSimulator.ActiveCfg = Debug|Any CPU
		{B183E703-DB7D-4CBC-8486-08DC934A93B4}.Debug|iPhoneSimulator.Build.0 = Debug|Any CPU
		{B183E703-DB7D-4CBC-8486-08DC934A93B4}.Debug|x64.ActiveCfg = Debug|Any CPU
		{B183E703-DB7D-4CBC-8486-08DC934A93B4}.Debug|x64.Build.0 = Debug|Any CPU
		{B183E703-DB7D-4CBC-8486-08DC934A93B4}.Debug|x86.ActiveCfg = Debug|Any CPU
		{B183E703-DB7D-4CBC-8486-08DC934A93B4}.Debug|x86.Build.0 = Debug|Any CPU
		{B183E703-DB7D-4CBC-8486-08DC934A93B4}.Release|Any CPU.ActiveCfg = Release|Any CPU
		{B183E703-DB7D-4CBC-8486-08DC934A93B4}.Release|Any CPU.Build.0 = Release|Any CPU
		{B183E703-DB7D-4CBC-8486-08DC934A93B4}.Release|Any CPU.Deploy.0 = Release|Any CPU
		{B183E703-DB7D-4CBC-8486-08DC934A93B4}.Release|ARM.ActiveCfg = Release|Any CPU
		{B183E703-DB7D-4CBC-8486-08DC934A93B4}.Release|ARM.Build.0 = Release|Any CPU
		{B183E703-DB7D-4CBC-8486-08DC934A93B4}.Release|iPhone.ActiveCfg = Release|Any CPU
		{B183E703-DB7D-4CBC-8486-08DC934A93B4}.Release|iPhone.Build.0 = Release|Any CPU
		{B183E703-DB7D-4CBC-8486-08DC934A93B4}.Release|iPhoneSimulator.ActiveCfg = Release|Any CPU
		{B183E703-DB7D-4CBC-8486-08DC934A93B4}.Release|iPhoneSimulator.Build.0 = Release|Any CPU
		{B183E703-DB7D-4CBC-8486-08DC934A93B4}.Release|x64.ActiveCfg = Release|Any CPU
		{B183E703-DB7D-4CBC-8486-08DC934A93B4}.Release|x64.Build.0 = Release|Any CPU
		{B183E703-DB7D-4CBC-8486-08DC934A93B4}.Release|x86.ActiveCfg = Release|Any CPU
		{B183E703-DB7D-4CBC-8486-08DC934A93B4}.Release|x86.Build.0 = Release|Any CPU
		{7F937EA2-5203-4621-AEF9-F54D11A2A0E4}.Ad-Hoc|Any CPU.ActiveCfg = Release|Any CPU
		{7F937EA2-5203-4621-AEF9-F54D11A2A0E4}.Ad-Hoc|Any CPU.Build.0 = Release|Any CPU
		{7F937EA2-5203-4621-AEF9-F54D11A2A0E4}.Ad-Hoc|ARM.ActiveCfg = Release|Any CPU
		{7F937EA2-5203-4621-AEF9-F54D11A2A0E4}.Ad-Hoc|ARM.Build.0 = Release|Any CPU
		{7F937EA2-5203-4621-AEF9-F54D11A2A0E4}.Ad-Hoc|iPhone.ActiveCfg = Release|Any CPU
		{7F937EA2-5203-4621-AEF9-F54D11A2A0E4}.Ad-Hoc|iPhone.Build.0 = Release|Any CPU
		{7F937EA2-5203-4621-AEF9-F54D11A2A0E4}.Ad-Hoc|iPhoneSimulator.ActiveCfg = Release|Any CPU
		{7F937EA2-5203-4621-AEF9-F54D11A2A0E4}.Ad-Hoc|iPhoneSimulator.Build.0 = Release|Any CPU
		{7F937EA2-5203-4621-AEF9-F54D11A2A0E4}.Ad-Hoc|x64.ActiveCfg = Release|Any CPU
		{7F937EA2-5203-4621-AEF9-F54D11A2A0E4}.Ad-Hoc|x64.Build.0 = Release|Any CPU
		{7F937EA2-5203-4621-AEF9-F54D11A2A0E4}.Ad-Hoc|x86.ActiveCfg = Release|Any CPU
		{7F937EA2-5203-4621-AEF9-F54D11A2A0E4}.Ad-Hoc|x86.Build.0 = Release|Any CPU
		{7F937EA2-5203-4621-AEF9-F54D11A2A0E4}.AppStore|Any CPU.ActiveCfg = Release|Any CPU
		{7F937EA2-5203-4621-AEF9-F54D11A2A0E4}.AppStore|Any CPU.Build.0 = Release|Any CPU
		{7F937EA2-5203-4621-AEF9-F54D11A2A0E4}.AppStore|ARM.ActiveCfg = Release|Any CPU
		{7F937EA2-5203-4621-AEF9-F54D11A2A0E4}.AppStore|ARM.Build.0 = Release|Any CPU
		{7F937EA2-5203-4621-AEF9-F54D11A2A0E4}.AppStore|iPhone.ActiveCfg = Release|Any CPU
		{7F937EA2-5203-4621-AEF9-F54D11A2A0E4}.AppStore|iPhone.Build.0 = Release|Any CPU
		{7F937EA2-5203-4621-AEF9-F54D11A2A0E4}.AppStore|iPhoneSimulator.ActiveCfg = Release|Any CPU
		{7F937EA2-5203-4621-AEF9-F54D11A2A0E4}.AppStore|iPhoneSimulator.Build.0 = Release|Any CPU
		{7F937EA2-5203-4621-AEF9-F54D11A2A0E4}.AppStore|x64.ActiveCfg = Release|Any CPU
		{7F937EA2-5203-4621-AEF9-F54D11A2A0E4}.AppStore|x64.Build.0 = Release|Any CPU
		{7F937EA2-5203-4621-AEF9-F54D11A2A0E4}.AppStore|x86.ActiveCfg = Release|Any CPU
		{7F937EA2-5203-4621-AEF9-F54D11A2A0E4}.AppStore|x86.Build.0 = Release|Any CPU
		{7F937EA2-5203-4621-AEF9-F54D11A2A0E4}.Debug|Any CPU.ActiveCfg = Debug|Any CPU
		{7F937EA2-5203-4621-AEF9-F54D11A2A0E4}.Debug|Any CPU.Build.0 = Debug|Any CPU
		{7F937EA2-5203-4621-AEF9-F54D11A2A0E4}.Debug|ARM.ActiveCfg = Debug|Any CPU
		{7F937EA2-5203-4621-AEF9-F54D11A2A0E4}.Debug|ARM.Build.0 = Debug|Any CPU
		{7F937EA2-5203-4621-AEF9-F54D11A2A0E4}.Debug|iPhone.ActiveCfg = Debug|Any CPU
		{7F937EA2-5203-4621-AEF9-F54D11A2A0E4}.Debug|iPhone.Build.0 = Debug|Any CPU
		{7F937EA2-5203-4621-AEF9-F54D11A2A0E4}.Debug|iPhoneSimulator.ActiveCfg = Debug|Any CPU
		{7F937EA2-5203-4621-AEF9-F54D11A2A0E4}.Debug|iPhoneSimulator.Build.0 = Debug|Any CPU
		{7F937EA2-5203-4621-AEF9-F54D11A2A0E4}.Debug|x64.ActiveCfg = Debug|Any CPU
		{7F937EA2-5203-4621-AEF9-F54D11A2A0E4}.Debug|x64.Build.0 = Debug|Any CPU
		{7F937EA2-5203-4621-AEF9-F54D11A2A0E4}.Debug|x86.ActiveCfg = Debug|Any CPU
		{7F937EA2-5203-4621-AEF9-F54D11A2A0E4}.Debug|x86.Build.0 = Debug|Any CPU
		{7F937EA2-5203-4621-AEF9-F54D11A2A0E4}.Release|Any CPU.ActiveCfg = Release|Any CPU
		{7F937EA2-5203-4621-AEF9-F54D11A2A0E4}.Release|Any CPU.Build.0 = Release|Any CPU
		{7F937EA2-5203-4621-AEF9-F54D11A2A0E4}.Release|ARM.ActiveCfg = Release|Any CPU
		{7F937EA2-5203-4621-AEF9-F54D11A2A0E4}.Release|ARM.Build.0 = Release|Any CPU
		{7F937EA2-5203-4621-AEF9-F54D11A2A0E4}.Release|iPhone.ActiveCfg = Release|Any CPU
		{7F937EA2-5203-4621-AEF9-F54D11A2A0E4}.Release|iPhone.Build.0 = Release|Any CPU
		{7F937EA2-5203-4621-AEF9-F54D11A2A0E4}.Release|iPhoneSimulator.ActiveCfg = Release|Any CPU
		{7F937EA2-5203-4621-AEF9-F54D11A2A0E4}.Release|iPhoneSimulator.Build.0 = Release|Any CPU
		{7F937EA2-5203-4621-AEF9-F54D11A2A0E4}.Release|x64.ActiveCfg = Release|Any CPU
		{7F937EA2-5203-4621-AEF9-F54D11A2A0E4}.Release|x64.Build.0 = Release|Any CPU
		{7F937EA2-5203-4621-AEF9-F54D11A2A0E4}.Release|x86.ActiveCfg = Release|Any CPU
		{7F937EA2-5203-4621-AEF9-F54D11A2A0E4}.Release|x86.Build.0 = Release|Any CPU
		{AD8E3B66-9FA7-40F5-B999-44D6A1E88948}.Ad-Hoc|Any CPU.ActiveCfg = Release|x64
		{AD8E3B66-9FA7-40F5-B999-44D6A1E88948}.Ad-Hoc|Any CPU.Build.0 = Release|x64
		{AD8E3B66-9FA7-40F5-B999-44D6A1E88948}.Ad-Hoc|Any CPU.Deploy.0 = Release|x64
		{AD8E3B66-9FA7-40F5-B999-44D6A1E88948}.Ad-Hoc|ARM.ActiveCfg = Release|ARM
		{AD8E3B66-9FA7-40F5-B999-44D6A1E88948}.Ad-Hoc|ARM.Build.0 = Release|ARM
		{AD8E3B66-9FA7-40F5-B999-44D6A1E88948}.Ad-Hoc|ARM.Deploy.0 = Release|ARM
		{AD8E3B66-9FA7-40F5-B999-44D6A1E88948}.Ad-Hoc|ARM64.ActiveCfg = Release|ARM64
		{AD8E3B66-9FA7-40F5-B999-44D6A1E88948}.Ad-Hoc|ARM64.Build.0 = Release|ARM64
		{AD8E3B66-9FA7-40F5-B999-44D6A1E88948}.Ad-Hoc|ARM64.Deploy.0 = Release|ARM64
		{AD8E3B66-9FA7-40F5-B999-44D6A1E88948}.Ad-Hoc|iPhone.ActiveCfg = Release|x64
		{AD8E3B66-9FA7-40F5-B999-44D6A1E88948}.Ad-Hoc|iPhone.Build.0 = Release|x64
		{AD8E3B66-9FA7-40F5-B999-44D6A1E88948}.Ad-Hoc|iPhone.Deploy.0 = Release|x64
		{AD8E3B66-9FA7-40F5-B999-44D6A1E88948}.Ad-Hoc|iPhoneSimulator.ActiveCfg = Release|x64
		{AD8E3B66-9FA7-40F5-B999-44D6A1E88948}.Ad-Hoc|iPhoneSimulator.Build.0 = Release|x64
		{AD8E3B66-9FA7-40F5-B999-44D6A1E88948}.Ad-Hoc|iPhoneSimulator.Deploy.0 = Release|x64
		{AD8E3B66-9FA7-40F5-B999-44D6A1E88948}.Ad-Hoc|x64.ActiveCfg = Release|x64
		{AD8E3B66-9FA7-40F5-B999-44D6A1E88948}.Ad-Hoc|x64.Build.0 = Release|x64
		{AD8E3B66-9FA7-40F5-B999-44D6A1E88948}.Ad-Hoc|x64.Deploy.0 = Release|x64
		{AD8E3B66-9FA7-40F5-B999-44D6A1E88948}.Ad-Hoc|x86.ActiveCfg = Release|x86
		{AD8E3B66-9FA7-40F5-B999-44D6A1E88948}.Ad-Hoc|x86.Build.0 = Release|x86
		{AD8E3B66-9FA7-40F5-B999-44D6A1E88948}.Ad-Hoc|x86.Deploy.0 = Release|x86
		{AD8E3B66-9FA7-40F5-B999-44D6A1E88948}.AppStore|Any CPU.ActiveCfg = Release|x64
		{AD8E3B66-9FA7-40F5-B999-44D6A1E88948}.AppStore|Any CPU.Build.0 = Release|x64
		{AD8E3B66-9FA7-40F5-B999-44D6A1E88948}.AppStore|Any CPU.Deploy.0 = Release|x64
		{AD8E3B66-9FA7-40F5-B999-44D6A1E88948}.AppStore|ARM.ActiveCfg = Release|ARM
		{AD8E3B66-9FA7-40F5-B999-44D6A1E88948}.AppStore|ARM.Build.0 = Release|ARM
		{AD8E3B66-9FA7-40F5-B999-44D6A1E88948}.AppStore|ARM.Deploy.0 = Release|ARM
		{AD8E3B66-9FA7-40F5-B999-44D6A1E88948}.AppStore|ARM64.ActiveCfg = Release|ARM64
		{AD8E3B66-9FA7-40F5-B999-44D6A1E88948}.AppStore|ARM64.Build.0 = Release|ARM64
		{AD8E3B66-9FA7-40F5-B999-44D6A1E88948}.AppStore|ARM64.Deploy.0 = Release|ARM64
		{AD8E3B66-9FA7-40F5-B999-44D6A1E88948}.AppStore|iPhone.ActiveCfg = Release|x64
		{AD8E3B66-9FA7-40F5-B999-44D6A1E88948}.AppStore|iPhone.Build.0 = Release|x64
		{AD8E3B66-9FA7-40F5-B999-44D6A1E88948}.AppStore|iPhone.Deploy.0 = Release|x64
		{AD8E3B66-9FA7-40F5-B999-44D6A1E88948}.AppStore|iPhoneSimulator.ActiveCfg = Release|x64
		{AD8E3B66-9FA7-40F5-B999-44D6A1E88948}.AppStore|iPhoneSimulator.Build.0 = Release|x64
		{AD8E3B66-9FA7-40F5-B999-44D6A1E88948}.AppStore|iPhoneSimulator.Deploy.0 = Release|x64
		{AD8E3B66-9FA7-40F5-B999-44D6A1E88948}.AppStore|x64.ActiveCfg = Release|x64
		{AD8E3B66-9FA7-40F5-B999-44D6A1E88948}.AppStore|x64.Build.0 = Release|x64
		{AD8E3B66-9FA7-40F5-B999-44D6A1E88948}.AppStore|x64.Deploy.0 = Release|x64
		{AD8E3B66-9FA7-40F5-B999-44D6A1E88948}.AppStore|x86.ActiveCfg = Release|x86
		{AD8E3B66-9FA7-40F5-B999-44D6A1E88948}.AppStore|x86.Build.0 = Release|x86
		{AD8E3B66-9FA7-40F5-B999-44D6A1E88948}.AppStore|x86.Deploy.0 = Release|x86
		{AD8E3B66-9FA7-40F5-B999-44D6A1E88948}.Debug|Any CPU.ActiveCfg = Debug|x86
		{AD8E3B66-9FA7-40F5-B999-44D6A1E88948}.Debug|ARM.ActiveCfg = Debug|ARM
		{AD8E3B66-9FA7-40F5-B999-44D6A1E88948}.Debug|ARM.Build.0 = Debug|ARM
		{AD8E3B66-9FA7-40F5-B999-44D6A1E88948}.Debug|ARM.Deploy.0 = Debug|ARM
		{AD8E3B66-9FA7-40F5-B999-44D6A1E88948}.Debug|ARM64.ActiveCfg = Debug|ARM64
		{AD8E3B66-9FA7-40F5-B999-44D6A1E88948}.Debug|ARM64.Build.0 = Debug|ARM64
		{AD8E3B66-9FA7-40F5-B999-44D6A1E88948}.Debug|ARM64.Deploy.0 = Debug|ARM64
		{AD8E3B66-9FA7-40F5-B999-44D6A1E88948}.Debug|iPhone.ActiveCfg = Debug|x86
		{AD8E3B66-9FA7-40F5-B999-44D6A1E88948}.Debug|iPhoneSimulator.ActiveCfg = Debug|x86
		{AD8E3B66-9FA7-40F5-B999-44D6A1E88948}.Debug|x64.ActiveCfg = Debug|x64
		{AD8E3B66-9FA7-40F5-B999-44D6A1E88948}.Debug|x64.Build.0 = Debug|x64
		{AD8E3B66-9FA7-40F5-B999-44D6A1E88948}.Debug|x64.Deploy.0 = Debug|x64
		{AD8E3B66-9FA7-40F5-B999-44D6A1E88948}.Debug|x86.ActiveCfg = Debug|x86
		{AD8E3B66-9FA7-40F5-B999-44D6A1E88948}.Debug|x86.Build.0 = Debug|x86
		{AD8E3B66-9FA7-40F5-B999-44D6A1E88948}.Debug|x86.Deploy.0 = Debug|x86
		{AD8E3B66-9FA7-40F5-B999-44D6A1E88948}.Release|Any CPU.ActiveCfg = Release|x86
		{AD8E3B66-9FA7-40F5-B999-44D6A1E88948}.Release|ARM.ActiveCfg = Release|ARM
		{AD8E3B66-9FA7-40F5-B999-44D6A1E88948}.Release|ARM.Build.0 = Release|ARM
		{AD8E3B66-9FA7-40F5-B999-44D6A1E88948}.Release|ARM.Deploy.0 = Release|ARM
		{AD8E3B66-9FA7-40F5-B999-44D6A1E88948}.Release|ARM64.ActiveCfg = Release|ARM64
		{AD8E3B66-9FA7-40F5-B999-44D6A1E88948}.Release|ARM64.Build.0 = Release|ARM64
		{AD8E3B66-9FA7-40F5-B999-44D6A1E88948}.Release|ARM64.Deploy.0 = Release|ARM64
		{AD8E3B66-9FA7-40F5-B999-44D6A1E88948}.Release|iPhone.ActiveCfg = Release|x86
		{AD8E3B66-9FA7-40F5-B999-44D6A1E88948}.Release|iPhoneSimulator.ActiveCfg = Release|x86
		{AD8E3B66-9FA7-40F5-B999-44D6A1E88948}.Release|x64.ActiveCfg = Release|x64
		{AD8E3B66-9FA7-40F5-B999-44D6A1E88948}.Release|x64.Build.0 = Release|x64
		{AD8E3B66-9FA7-40F5-B999-44D6A1E88948}.Release|x64.Deploy.0 = Release|x64
		{AD8E3B66-9FA7-40F5-B999-44D6A1E88948}.Release|x86.ActiveCfg = Release|x86
		{AD8E3B66-9FA7-40F5-B999-44D6A1E88948}.Release|x86.Build.0 = Release|x86
		{AD8E3B66-9FA7-40F5-B999-44D6A1E88948}.Release|x86.Deploy.0 = Release|x86
	EndGlobalSection
	GlobalSection(SolutionProperties) = preSolution
		HideSolutionNode = FALSE
	EndGlobalSection
	GlobalSection(ExtensibilityGlobals) = postSolution
		SolutionGuid = {F6D05029-56B8-4E45-AF2D-0E76295DDBA2}
	EndGlobalSection
EndGlobal
